
Microsoft Visual Studio Solution File, Format Version 12.00
# Visual Studio Version 17
VisualStudioVersion = 17.14.36518.9 d17.14
MinimumVisualStudioVersion = 10.0.40219.1
Project("{FAE04EC0-301F-11D3-BF4B-00C04F79EFBC}") = "AocDay1", "AocDay1\AocDay1.csproj", "{304782AD-AD72-432E-8AF6-C511E9980A7F}"
EndProject
Global
	GlobalSection(SolutionConfigurationPlatforms) = preSolution
		Debug|Any CPU = Debug|Any CPU
		Release|Any CPU = Release|Any CPU
	EndGlobalSection
	GlobalSection(ProjectConfigurationPlatforms) = postSolution
		{304782AD-AD72-432E-8AF6-C511E9980A7F}.Debug|Any CPU.ActiveCfg = Debug|Any CPU
		{304782AD-AD72-432E-8AF6-C511E9980A7F}.Debug|Any CPU.Build.0 = Debug|Any CPU
		{304782AD-AD72-432E-8AF6-C511E9980A7F}.Release|Any CPU.ActiveCfg = Release|Any CPU
		{304782AD-AD72-432E-8AF6-C511E9980A7F}.Release|Any CPU.Build.0 = Release|Any CPU
	EndGlobalSection
	GlobalSection(SolutionProperties) = preSolution
		HideSolutionNode = FALSE
	EndGlobalSection
	GlobalSection(ExtensibilityGlobals) = postSolution
		SolutionGuid = {DC34DAFD-8C9D-4A30-BC84-0CFBED2D6B78}
	EndGlobalSection
EndGlobal
